# This file is automatically @generated by Cargo.
# It is not intended for manual editing.
version = 4

[[package]]
name = "mico_cli"
version = "0.1.0"
dependencies = [
 "mico_codegen",
 "mico_frontend",
 "mico_ir",
]

[[package]]
name = "mico_codegen"
version = "0.1.0"
dependencies = [
 "mico_ir",
]

[[package]]
name = "mico_frontend"
version = "0.1.0"
dependencies = [
 "mico_ir",
]

[[package]]
name = "mico_ir"
version = "0.1.0"
